
Microsoft Visual Studio Solution File, Format Version 12.00
# Visual Studio Version 17
VisualStudioVersion = 17.0.31903.59
MinimumVisualStudioVersion = 10.0.40219.1
Project("{2150E333-8FDC-42A3-9474-1A3956D46DE8}") = "storage", "storage", "{D0E78B5A-0D39-4CE8-A836-5FC8C7D60478}"
EndProject
Project("{2150E333-8FDC-42A3-9474-1A3956D46DE8}") = "afs", "afs", "{1213A069-D226-59B6-6383-4AD31C1DF055}"
EndProject
Project("{2150E333-8FDC-42A3-9474-1A3956D46DE8}") = "embedded", "embedded", "{A1B2C3D4-E5F6-7890-ABCD-EF1234567890}"
EndProject
Project("{FAE04EC0-301F-11D3-BF4B-00C04F79EFBC}") = "NebulaStore.Storage.Embedded", "storage\embedded\NebulaStore.Storage.Embedded.csproj", "{08F6A698-C457-4D0E-8618-28836ABF02FD}"
EndProject
Project("{FAE04EC0-301F-11D3-BF4B-00C04F79EFBC}") = "NebulaStore.Storage.EmbeddedConfiguration", "storage\embedded-configuration\NebulaStore.Storage.EmbeddedConfiguration.csproj", "{43FE9E5F-E2C8-EBBE-70A7-9BCD3CC8F87A}"
EndProject
Project("{FAE04EC0-301F-11D3-BF4B-00C04F79EFBC}") = "NebulaStore.Storage", "storage\storage\NebulaStore.Storage.csproj", "{EB3AD552-AEF2-D7E0-AEA1-A7B5756DAB3D}"
EndProject
Project("{FAE04EC0-301F-11D3-BF4B-00C04F79EFBC}") = "NebulaStore.Afs.Blobstore", "afs\blobstore\NebulaStore.Afs.Blobstore.csproj", "{84059610-AD39-FA20-9653-176A6CFEFACF}"
EndProject
Project("{FAE04EC0-301F-11D3-BF4B-00C04F79EFBC}") = "NebulaStore.Storage.Embedded.Tests", "storage\embedded\tests\NebulaStore.Storage.Embedded.Tests.csproj", "{2099EB97-32CB-4403-BF84-AD7F965FA520}"
EndProject
Project("{FAE04EC0-301F-11D3-BF4B-00C04F79EFBC}") = "NebulaStore.Afs.Blobstore.Tests", "afs\blobstore\test\NebulaStore.Afs.Blobstore.Tests.csproj", "{957AEEFE-FE29-6397-7D08-297EF5D694BE}"
EndProject
Project("{FAE04EC0-301F-11D3-BF4B-00C04F79EFBC}") = "NebulaStore.Afs.Tests", "afs\tests\NebulaStore.Afs.Tests.csproj", "{1BA08BC3-4B57-48D2-8DC8-88174BF9CBC5}"
EndProject
Project("{FAE04EC0-301F-11D3-BF4B-00C04F79EFBC}") = "NebulaStore.Examples.ConsoleApp", "examples\ConsoleApp\NebulaStore.Examples.ConsoleApp.csproj", "{D15783DF-B8ED-7DA0-3855-B4BD90314158}"
EndProject
Project("{FAE04EC0-301F-11D3-BF4B-00C04F79EFBC}") = "NebulaStore.GigaMap", "gigamap\NebulaStore.GigaMap.csproj", "{E7A0475A-23ED-EB6D-7120-11CD71A2FF7B}"
EndProject
Project("{FAE04EC0-301F-11D3-BF4B-00C04F79EFBC}") = "NebulaStore.GigaMap.Tests", "gigamap\tests\NebulaStore.GigaMap.Tests.csproj", "{8DD374AE-8266-C419-D016-ABFC2424D8A4}"
EndProject
Project("{2150E333-8FDC-42A3-9474-1A3956D46DE8}") = "aws", "aws", "{E018A2F0-712D-E946-F173-BAD35C4AC283}"
EndProject
Project("{FAE04EC0-301F-11D3-BF4B-00C04F79EFBC}") = "NebulaStore.Afs.Aws.S3", "afs\aws\s3\NebulaStore.Afs.Aws.S3.csproj", "{AF6BA56B-2336-DCDD-CFCB-692755A5C692}"
EndProject
Project("{FAE04EC0-301F-11D3-BF4B-00C04F79EFBC}") = "NebulaStore.Afs.Aws.S3.Tests", "afs\aws\s3\test\NebulaStore.Afs.Aws.S3.Tests.csproj", "{E5ECD596-2A73-FF9D-F14A-8A0983C807CF}"
EndProject
Project("{2150E333-8FDC-42A3-9474-1A3956D46DE8}") = "azure", "azure", "{C35B3F86-D513-DC96-F441-B40E8BE042A1}"
EndProject
Project("{FAE04EC0-301F-11D3-BF4B-00C04F79EFBC}") = "NebulaStore.Afs.Azure.Storage", "afs\azure\storage\NebulaStore.Afs.Azure.Storage.csproj", "{451497DA-1269-BC92-0D1A-DC64CB39853E}"
EndProject
Project("{FAE04EC0-301F-11D3-BF4B-00C04F79EFBC}") = "NebulaStore.Afs.Azure.Storage.Tests", "afs\azure\storage\test\NebulaStore.Afs.Azure.Storage.Tests.csproj", "{13ACF2E0-A4EA-3D0E-D60E-D8CDA95FCF48}"
EndProject
Project("{2150E333-8FDC-42A3-9474-1A3956D46DE8}") = "nio", "nio", "{01885DAA-D6B3-261D-26CC-40273AA28AE8}"
EndProject
Project("{FAE04EC0-301F-11D3-BF4B-00C04F79EFBC}") = "NebulaStore.Afs.Nio", "afs\nio\NebulaStore.Afs.Nio.csproj", "{1EDD44A6-7440-4D73-907E-5B89EF199012}"
EndProject
Project("{2150E333-8FDC-42A3-9474-1A3956D46DE8}") = "test", "test", "{1704E723-975B-8E7A-0A72-66948CF308B6}"
EndProject
Project("{FAE04EC0-301F-11D3-BF4B-00C04F79EFBC}") = "NebulaStore.Afs.Nio.Tests", "afs\nio\test\NebulaStore.Afs.Nio.Tests.csproj", "{DA9E1E64-1245-4E0D-9C15-80980DAF1623}"
EndProject
Global
	GlobalSection(SolutionConfigurationPlatforms) = preSolution
		Debug|Any CPU = Debug|Any CPU
		Debug|x64 = Debug|x64
		Debug|x86 = Debug|x86
		Release|Any CPU = Release|Any CPU
		Release|x64 = Release|x64
		Release|x86 = Release|x86
	EndGlobalSection
	GlobalSection(ProjectConfigurationPlatforms) = postSolution
		{08F6A698-C457-4D0E-8618-28836ABF02FD}.Debug|Any CPU.ActiveCfg = Debug|Any CPU
		{08F6A698-C457-4D0E-8618-28836ABF02FD}.Debug|Any CPU.Build.0 = Debug|Any CPU
		{08F6A698-C457-4D0E-8618-28836ABF02FD}.Debug|x64.ActiveCfg = Debug|Any CPU
		{08F6A698-C457-4D0E-8618-28836ABF02FD}.Debug|x64.Build.0 = Debug|Any CPU
		{08F6A698-C457-4D0E-8618-28836ABF02FD}.Debug|x86.ActiveCfg = Debug|Any CPU
		{08F6A698-C457-4D0E-8618-28836ABF02FD}.Debug|x86.Build.0 = Debug|Any CPU
		{08F6A698-C457-4D0E-8618-28836ABF02FD}.Release|Any CPU.ActiveCfg = Release|Any CPU
		{08F6A698-C457-4D0E-8618-28836ABF02FD}.Release|Any CPU.Build.0 = Release|Any CPU
		{08F6A698-C457-4D0E-8618-28836ABF02FD}.Release|x64.ActiveCfg = Release|Any CPU
		{08F6A698-C457-4D0E-8618-28836ABF02FD}.Release|x64.Build.0 = Release|Any CPU
		{08F6A698-C457-4D0E-8618-28836ABF02FD}.Release|x86.ActiveCfg = Release|Any CPU
		{08F6A698-C457-4D0E-8618-28836ABF02FD}.Release|x86.Build.0 = Release|Any CPU
		{43FE9E5F-E2C8-EBBE-70A7-9BCD3CC8F87A}.Debug|x64.ActiveCfg = Debug|Any CPU
		{43FE9E5F-E2C8-EBBE-70A7-9BCD3CC8F87A}.Debug|x64.Build.0 = Debug|Any CPU
		{43FE9E5F-E2C8-EBBE-70A7-9BCD3CC8F87A}.Debug|x86.ActiveCfg = Debug|Any CPU
		{43FE9E5F-E2C8-EBBE-70A7-9BCD3CC8F87A}.Debug|x86.Build.0 = Debug|Any CPU
		{43FE9E5F-E2C8-EBBE-70A7-9BCD3CC8F87A}.Release|x64.ActiveCfg = Release|Any CPU
		{43FE9E5F-E2C8-EBBE-70A7-9BCD3CC8F87A}.Release|x64.Build.0 = Release|Any CPU
		{43FE9E5F-E2C8-EBBE-70A7-9BCD3CC8F87A}.Release|x86.ActiveCfg = Release|Any CPU
		{43FE9E5F-E2C8-EBBE-70A7-9BCD3CC8F87A}.Release|x86.Build.0 = Release|Any CPU
		{EB3AD552-AEF2-D7E0-AEA1-A7B5756DAB3D}.Debug|x64.ActiveCfg = Debug|Any CPU
		{EB3AD552-AEF2-D7E0-AEA1-A7B5756DAB3D}.Debug|x64.Build.0 = Debug|Any CPU
		{EB3AD552-AEF2-D7E0-AEA1-A7B5756DAB3D}.Debug|x86.ActiveCfg = Debug|Any CPU
		{EB3AD552-AEF2-D7E0-AEA1-A7B5756DAB3D}.Debug|x86.Build.0 = Debug|Any CPU
		{EB3AD552-AEF2-D7E0-AEA1-A7B5756DAB3D}.Release|x64.ActiveCfg = Release|Any CPU
		{EB3AD552-AEF2-D7E0-AEA1-A7B5756DAB3D}.Release|x64.Build.0 = Release|Any CPU
		{EB3AD552-AEF2-D7E0-AEA1-A7B5756DAB3D}.Release|x86.ActiveCfg = Release|Any CPU
		{EB3AD552-AEF2-D7E0-AEA1-A7B5756DAB3D}.Release|x86.Build.0 = Release|Any CPU
		{84059610-AD39-FA20-9653-176A6CFEFACF}.Debug|x64.ActiveCfg = Debug|Any CPU
		{84059610-AD39-FA20-9653-176A6CFEFACF}.Debug|x64.Build.0 = Debug|Any CPU
		{84059610-AD39-FA20-9653-176A6CFEFACF}.Debug|x86.ActiveCfg = Debug|Any CPU
		{84059610-AD39-FA20-9653-176A6CFEFACF}.Debug|x86.Build.0 = Debug|Any CPU
		{84059610-AD39-FA20-9653-176A6CFEFACF}.Release|x64.ActiveCfg = Release|Any CPU
		{84059610-AD39-FA20-9653-176A6CFEFACF}.Release|x64.Build.0 = Release|Any CPU
		{84059610-AD39-FA20-9653-176A6CFEFACF}.Release|x86.ActiveCfg = Release|Any CPU
		{84059610-AD39-FA20-9653-176A6CFEFACF}.Release|x86.Build.0 = Release|Any CPU
		{2099EB97-32CB-4403-BF84-AD7F965FA520}.Debug|Any CPU.ActiveCfg = Debug|Any CPU
		{2099EB97-32CB-4403-BF84-AD7F965FA520}.Debug|Any CPU.Build.0 = Debug|Any CPU
		{2099EB97-32CB-4403-BF84-AD7F965FA520}.Debug|x64.ActiveCfg = Debug|Any CPU
		{2099EB97-32CB-4403-BF84-AD7F965FA520}.Debug|x64.Build.0 = Debug|Any CPU
		{2099EB97-32CB-4403-BF84-AD7F965FA520}.Debug|x86.ActiveCfg = Debug|Any CPU
		{2099EB97-32CB-4403-BF84-AD7F965FA520}.Debug|x86.Build.0 = Debug|Any CPU
		{2099EB97-32CB-4403-BF84-AD7F965FA520}.Release|Any CPU.ActiveCfg = Release|Any CPU
		{2099EB97-32CB-4403-BF84-AD7F965FA520}.Release|Any CPU.Build.0 = Release|Any CPU
		{2099EB97-32CB-4403-BF84-AD7F965FA520}.Release|x64.ActiveCfg = Release|Any CPU
		{2099EB97-32CB-4403-BF84-AD7F965FA520}.Release|x64.Build.0 = Release|Any CPU
		{2099EB97-32CB-4403-BF84-AD7F965FA520}.Release|x86.ActiveCfg = Release|Any CPU
		{2099EB97-32CB-4403-BF84-AD7F965FA520}.Release|x86.Build.0 = Release|Any CPU
		{957AEEFE-FE29-6397-7D08-297EF5D694BE}.Debug|x64.ActiveCfg = Debug|Any CPU
		{957AEEFE-FE29-6397-7D08-297EF5D694BE}.Debug|x64.Build.0 = Debug|Any CPU
		{957AEEFE-FE29-6397-7D08-297EF5D694BE}.Debug|x86.ActiveCfg = Debug|Any CPU
		{957AEEFE-FE29-6397-7D08-297EF5D694BE}.Debug|x86.Build.0 = Debug|Any CPU
		{957AEEFE-FE29-6397-7D08-297EF5D694BE}.Release|x64.ActiveCfg = Release|Any CPU
		{957AEEFE-FE29-6397-7D08-297EF5D694BE}.Release|x64.Build.0 = Release|Any CPU
		{957AEEFE-FE29-6397-7D08-297EF5D694BE}.Release|x86.ActiveCfg = Release|Any CPU
		{957AEEFE-FE29-6397-7D08-297EF5D694BE}.Release|x86.Build.0 = Release|Any CPU
		{1BA08BC3-4B57-48D2-8DC8-88174BF9CBC5}.Debug|x64.ActiveCfg = Debug|Any CPU
		{1BA08BC3-4B57-48D2-8DC8-88174BF9CBC5}.Debug|x64.Build.0 = Debug|Any CPU
		{1BA08BC3-4B57-48D2-8DC8-88174BF9CBC5}.Debug|x86.ActiveCfg = Debug|Any CPU
		{1BA08BC3-4B57-48D2-8DC8-88174BF9CBC5}.Debug|x86.Build.0 = Debug|Any CPU
		{1BA08BC3-4B57-48D2-8DC8-88174BF9CBC5}.Release|x64.ActiveCfg = Release|Any CPU
		{1BA08BC3-4B57-48D2-8DC8-88174BF9CBC5}.Release|x64.Build.0 = Release|Any CPU
		{1BA08BC3-4B57-48D2-8DC8-88174BF9CBC5}.Release|x86.ActiveCfg = Release|Any CPU
		{1BA08BC3-4B57-48D2-8DC8-88174BF9CBC5}.Release|x86.Build.0 = Release|Any CPU
		{D15783DF-B8ED-7DA0-3855-B4BD90314158}.Debug|x64.ActiveCfg = Debug|Any CPU
		{D15783DF-B8ED-7DA0-3855-B4BD90314158}.Debug|x64.Build.0 = Debug|Any CPU
		{D15783DF-B8ED-7DA0-3855-B4BD90314158}.Debug|x86.ActiveCfg = Debug|Any CPU
		{D15783DF-B8ED-7DA0-3855-B4BD90314158}.Debug|x86.Build.0 = Debug|Any CPU
		{D15783DF-B8ED-7DA0-3855-B4BD90314158}.Release|x64.ActiveCfg = Release|Any CPU
		{D15783DF-B8ED-7DA0-3855-B4BD90314158}.Release|x64.Build.0 = Release|Any CPU
		{D15783DF-B8ED-7DA0-3855-B4BD90314158}.Release|x86.ActiveCfg = Release|Any CPU
		{D15783DF-B8ED-7DA0-3855-B4BD90314158}.Release|x86.Build.0 = Release|Any CPU
		{E7A0475A-23ED-EB6D-7120-11CD71A2FF7B}.Debug|x64.ActiveCfg = Debug|Any CPU
		{E7A0475A-23ED-EB6D-7120-11CD71A2FF7B}.Debug|x64.Build.0 = Debug|Any CPU
		{E7A0475A-23ED-EB6D-7120-11CD71A2FF7B}.Debug|x86.ActiveCfg = Debug|Any CPU
		{E7A0475A-23ED-EB6D-7120-11CD71A2FF7B}.Debug|x86.Build.0 = Debug|Any CPU
		{E7A0475A-23ED-EB6D-7120-11CD71A2FF7B}.Release|x64.ActiveCfg = Release|Any CPU
		{E7A0475A-23ED-EB6D-7120-11CD71A2FF7B}.Release|x64.Build.0 = Release|Any CPU
		{E7A0475A-23ED-EB6D-7120-11CD71A2FF7B}.Release|x86.ActiveCfg = Release|Any CPU
		{E7A0475A-23ED-EB6D-7120-11CD71A2FF7B}.Release|x86.Build.0 = Release|Any CPU
		{8DD374AE-8266-C419-D016-ABFC2424D8A4}.Debug|x64.ActiveCfg = Debug|Any CPU
		{8DD374AE-8266-C419-D016-ABFC2424D8A4}.Debug|x64.Build.0 = Debug|Any CPU
		{8DD374AE-8266-C419-D016-ABFC2424D8A4}.Debug|x86.ActiveCfg = Debug|Any CPU
		{8DD374AE-8266-C419-D016-ABFC2424D8A4}.Debug|x86.Build.0 = Debug|Any CPU
		{8DD374AE-8266-C419-D016-ABFC2424D8A4}.Release|x64.ActiveCfg = Release|Any CPU
		{8DD374AE-8266-C419-D016-ABFC2424D8A4}.Release|x64.Build.0 = Release|Any CPU
		{8DD374AE-8266-C419-D016-ABFC2424D8A4}.Release|x86.ActiveCfg = Release|Any CPU
		{8DD374AE-8266-C419-D016-ABFC2424D8A4}.Release|x86.Build.0 = Release|Any CPU
		{AF6BA56B-2336-DCDD-CFCB-692755A5C692}.Debug|x64.ActiveCfg = Debug|Any CPU
		{AF6BA56B-2336-DCDD-CFCB-692755A5C692}.Debug|x64.Build.0 = Debug|Any CPU
		{AF6BA56B-2336-DCDD-CFCB-692755A5C692}.Debug|x86.ActiveCfg = Debug|Any CPU
		{AF6BA56B-2336-DCDD-CFCB-692755A5C692}.Debug|x86.Build.0 = Debug|Any CPU
		{AF6BA56B-2336-DCDD-CFCB-692755A5C692}.Release|x64.ActiveCfg = Release|Any CPU
		{AF6BA56B-2336-DCDD-CFCB-692755A5C692}.Release|x64.Build.0 = Release|Any CPU
		{AF6BA56B-2336-DCDD-CFCB-692755A5C692}.Release|x86.ActiveCfg = Release|Any CPU
		{AF6BA56B-2336-DCDD-CFCB-692755A5C692}.Release|x86.Build.0 = Release|Any CPU
		{E5ECD596-2A73-FF9D-F14A-8A0983C807CF}.Debug|x64.ActiveCfg = Debug|Any CPU
		{E5ECD596-2A73-FF9D-F14A-8A0983C807CF}.Debug|x64.Build.0 = Debug|Any CPU
		{E5ECD596-2A73-FF9D-F14A-8A0983C807CF}.Debug|x86.ActiveCfg = Debug|Any CPU
		{E5ECD596-2A73-FF9D-F14A-8A0983C807CF}.Debug|x86.Build.0 = Debug|Any CPU
		{E5ECD596-2A73-FF9D-F14A-8A0983C807CF}.Release|x64.ActiveCfg = Release|Any CPU
		{E5ECD596-2A73-FF9D-F14A-8A0983C807CF}.Release|x64.Build.0 = Release|Any CPU
		{E5ECD596-2A73-FF9D-F14A-8A0983C807CF}.Release|x86.ActiveCfg = Release|Any CPU
		{E5ECD596-2A73-FF9D-F14A-8A0983C807CF}.Release|x86.Build.0 = Release|Any CPU
		{451497DA-1269-BC92-0D1A-DC64CB39853E}.Debug|x64.ActiveCfg = Debug|Any CPU
		{451497DA-1269-BC92-0D1A-DC64CB39853E}.Debug|x64.Build.0 = Debug|Any CPU
		{451497DA-1269-BC92-0D1A-DC64CB39853E}.Debug|x86.ActiveCfg = Debug|Any CPU
		{451497DA-1269-BC92-0D1A-DC64CB39853E}.Debug|x86.Build.0 = Debug|Any CPU
		{451497DA-1269-BC92-0D1A-DC64CB39853E}.Release|x64.ActiveCfg = Release|Any CPU
		{451497DA-1269-BC92-0D1A-DC64CB39853E}.Release|x64.Build.0 = Release|Any CPU
		{451497DA-1269-BC92-0D1A-DC64CB39853E}.Release|x86.ActiveCfg = Release|Any CPU
		{451497DA-1269-BC92-0D1A-DC64CB39853E}.Release|x86.Build.0 = Release|Any CPU
		{13ACF2E0-A4EA-3D0E-D60E-D8CDA95FCF48}.Debug|x64.ActiveCfg = Debug|Any CPU
		{13ACF2E0-A4EA-3D0E-D60E-D8CDA95FCF48}.Debug|x64.Build.0 = Debug|Any CPU
		{13ACF2E0-A4EA-3D0E-D60E-D8CDA95FCF48}.Debug|x86.ActiveCfg = Debug|Any CPU
		{13ACF2E0-A4EA-3D0E-D60E-D8CDA95FCF48}.Debug|x86.Build.0 = Debug|Any CPU
		{13ACF2E0-A4EA-3D0E-D60E-D8CDA95FCF48}.Release|x64.ActiveCfg = Release|Any CPU
		{13ACF2E0-A4EA-3D0E-D60E-D8CDA95FCF48}.Release|x64.Build.0 = Release|Any CPU
		{13ACF2E0-A4EA-3D0E-D60E-D8CDA95FCF48}.Release|x86.ActiveCfg = Release|Any CPU
		{13ACF2E0-A4EA-3D0E-D60E-D8CDA95FCF48}.Release|x86.Build.0 = Release|Any CPU
		{1EDD44A6-7440-4D73-907E-5B89EF199012}.Debug|Any CPU.ActiveCfg = Debug|Any CPU
		{1EDD44A6-7440-4D73-907E-5B89EF199012}.Debug|Any CPU.Build.0 = Debug|Any CPU
		{1EDD44A6-7440-4D73-907E-5B89EF199012}.Debug|x64.ActiveCfg = Debug|Any CPU
		{1EDD44A6-7440-4D73-907E-5B89EF199012}.Debug|x64.Build.0 = Debug|Any CPU
		{1EDD44A6-7440-4D73-907E-5B89EF199012}.Debug|x86.ActiveCfg = Debug|Any CPU
		{1EDD44A6-7440-4D73-907E-5B89EF199012}.Debug|x86.Build.0 = Debug|Any CPU
		{1EDD44A6-7440-4D73-907E-5B89EF199012}.Release|Any CPU.ActiveCfg = Release|Any CPU
		{1EDD44A6-7440-4D73-907E-5B89EF199012}.Release|Any CPU.Build.0 = Release|Any CPU
		{1EDD44A6-7440-4D73-907E-5B89EF199012}.Release|x64.ActiveCfg = Release|Any CPU
		{1EDD44A6-7440-4D73-907E-5B89EF199012}.Release|x64.Build.0 = Release|Any CPU
		{1EDD44A6-7440-4D73-907E-5B89EF199012}.Release|x86.ActiveCfg = Release|Any CPU
		{1EDD44A6-7440-4D73-907E-5B89EF199012}.Release|x86.Build.0 = Release|Any CPU
		{DA9E1E64-1245-4E0D-9C15-80980DAF1623}.Debug|Any CPU.ActiveCfg = Debug|Any CPU
		{DA9E1E64-1245-4E0D-9C15-80980DAF1623}.Debug|Any CPU.Build.0 = Debug|Any CPU
		{DA9E1E64-1245-4E0D-9C15-80980DAF1623}.Debug|x64.ActiveCfg = Debug|Any CPU
		{DA9E1E64-1245-4E0D-9C15-80980DAF1623}.Debug|x64.Build.0 = Debug|Any CPU
		{DA9E1E64-1245-4E0D-9C15-80980DAF1623}.Debug|x86.ActiveCfg = Debug|Any CPU
		{DA9E1E64-1245-4E0D-9C15-80980DAF1623}.Debug|x86.Build.0 = Debug|Any CPU
		{DA9E1E64-1245-4E0D-9C15-80980DAF1623}.Release|Any CPU.ActiveCfg = Release|Any CPU
		{DA9E1E64-1245-4E0D-9C15-80980DAF1623}.Release|Any CPU.Build.0 = Release|Any CPU
		{DA9E1E64-1245-4E0D-9C15-80980DAF1623}.Release|x64.ActiveCfg = Release|Any CPU
		{DA9E1E64-1245-4E0D-9C15-80980DAF1623}.Release|x64.Build.0 = Release|Any CPU
		{DA9E1E64-1245-4E0D-9C15-80980DAF1623}.Release|x86.ActiveCfg = Release|Any CPU
		{DA9E1E64-1245-4E0D-9C15-80980DAF1623}.Release|x86.Build.0 = Release|Any CPU
	EndGlobalSection
	GlobalSection(SolutionProperties) = preSolution
		HideSolutionNode = FALSE
	EndGlobalSection
	GlobalSection(NestedProjects) = preSolution
		{A1B2C3D4-E5F6-7890-ABCD-EF1234567890} = {D0E78B5A-0D39-4CE8-A836-5FC8C7D60478}
		{08F6A698-C457-4D0E-8618-28836ABF02FD} = {A1B2C3D4-E5F6-7890-ABCD-EF1234567890}
		{01885DAA-D6B3-261D-26CC-40273AA28AE8} = {1213A069-D226-59B6-6383-4AD31C1DF055}
		{1EDD44A6-7440-4D73-907E-5B89EF199012} = {01885DAA-D6B3-261D-26CC-40273AA28AE8}
		{1704E723-975B-8E7A-0A72-66948CF308B6} = {01885DAA-D6B3-261D-26CC-40273AA28AE8}
		{DA9E1E64-1245-4E0D-9C15-80980DAF1623} = {1704E723-975B-8E7A-0A72-66948CF308B6}
	EndGlobalSection
EndGlobal
