
Microsoft Visual Studio Solution File, Format Version 12.00
# Visual Studio Version 17
VisualStudioVersion = 17.0.31903.59
MinimumVisualStudioVersion = 10.0.40219.1
Project("{2150E333-8FDC-42A3-9474-1A3956D46DE8}") = "storage", "storage", "{D0E78B5A-0D39-4CE8-A836-5FC8C7D60478}"
EndProject
Project("{2150E333-8FDC-42A3-9474-1A3956D46DE8}") = "afs", "afs", "{F6G7H8I9-J0K1-2345-MNOP-QR6789012345}"
EndProject
Project("{2150E333-8FDC-42A3-9474-1A3956D46DE8}") = "embedded", "embedded", "{A1B2C3D4-E5F6-7890-ABCD-EF1234567890}"
EndProject
Project("{FAE04EC0-301F-11D3-BF4B-00C04F79EFBC}") = "NebulaStore.Storage.Embedded", "storage\embedded\NebulaStore.Storage.Embedded.csproj", "{08F6A698-C457-4D0E-8618-28836ABF02FD}"
EndProject
Project("{FAE04EC0-301F-11D3-BF4B-00C04F79EFBC}") = "NebulaStore.Storage.EmbeddedConfiguration", "storage\embedded-configuration\NebulaStore.Storage.EmbeddedConfiguration.csproj", "{B1C2D3E4-F5G6-7890-HIJK-LM1234567890}"
EndProject
Project("{FAE04EC0-301F-11D3-BF4B-00C04F79EFBC}") = "NebulaStore.Storage", "storage\storage\NebulaStore.Storage.csproj", "{C2D3E4F5-G6H7-8901-IJKL-MN2345678901}"
EndProject
Project("{FAE04EC0-301F-11D3-BF4B-00C04F79EFBC}") = "NebulaStore.Afs.Blobstore", "afs\blobstore\NebulaStore.Afs.Blobstore.csproj", "{E4F5G6H7-I8J9-0123-KLMN-OP4567890123}"
EndProject
Project("{FAE04EC0-301F-11D3-BF4B-00C04F79EFBC}") = "NebulaStore.Storage.Embedded.Tests", "storage\embedded\tests\NebulaStore.Storage.Embedded.Tests.csproj", "{2099EB97-32CB-4403-BF84-AD7F965FA520}"
EndProject
Project("{FAE04EC0-301F-11D3-BF4B-00C04F79EFBC}") = "NebulaStore.Afs.Blobstore.Tests", "afs\blobstore\test\NebulaStore.Afs.Blobstore.Tests.csproj", "{F5G6H7I8-J9K0-1234-LMNO-PQ5678901234}"
EndProject
Project("{FAE04EC0-301F-11D3-BF4B-00C04F79EFBC}") = "NebulaStore.Afs.Tests", "afs\tests\NebulaStore.Afs.Tests.csproj", "{G6H7I8J9-K0L1-2345-NOPQ-RS6789012345}"
EndProject
Project("{FAE04EC0-301F-11D3-BF4B-00C04F79EFBC}") = "NebulaStore.Examples.ConsoleApp", "examples\ConsoleApp\NebulaStore.Examples.ConsoleApp.csproj", "{D3E4F5G6-H7I8-9012-JKLM-NO3456789012}"
EndProject
Global
	GlobalSection(SolutionConfigurationPlatforms) = preSolution
		Debug|Any CPU = Debug|Any CPU
		Release|Any CPU = Release|Any CPU
	EndGlobalSection
	GlobalSection(SolutionProperties) = preSolution
		HideSolutionNode = FALSE
	EndGlobalSection
	GlobalSection(ProjectConfigurationPlatforms) = postSolution
		{08F6A698-C457-4D0E-8618-28836ABF02FD}.Debug|Any CPU.ActiveCfg = Debug|Any CPU
		{08F6A698-C457-4D0E-8618-28836ABF02FD}.Debug|Any CPU.Build.0 = Debug|Any CPU
		{08F6A698-C457-4D0E-8618-28836ABF02FD}.Release|Any CPU.ActiveCfg = Release|Any CPU
		{08F6A698-C457-4D0E-8618-28836ABF02FD}.Release|Any CPU.Build.0 = Release|Any CPU
		{B1C2D3E4-F5G6-7890-HIJK-LM1234567890}.Debug|Any CPU.ActiveCfg = Debug|Any CPU
		{B1C2D3E4-F5G6-7890-HIJK-LM1234567890}.Debug|Any CPU.Build.0 = Debug|Any CPU
		{B1C2D3E4-F5G6-7890-HIJK-LM1234567890}.Release|Any CPU.ActiveCfg = Release|Any CPU
		{B1C2D3E4-F5G6-7890-HIJK-LM1234567890}.Release|Any CPU.Build.0 = Release|Any CPU
		{C2D3E4F5-G6H7-8901-IJKL-MN2345678901}.Debug|Any CPU.ActiveCfg = Debug|Any CPU
		{C2D3E4F5-G6H7-8901-IJKL-MN2345678901}.Debug|Any CPU.Build.0 = Debug|Any CPU
		{C2D3E4F5-G6H7-8901-IJKL-MN2345678901}.Release|Any CPU.ActiveCfg = Release|Any CPU
		{C2D3E4F5-G6H7-8901-IJKL-MN2345678901}.Release|Any CPU.Build.0 = Release|Any CPU
		{2099EB97-32CB-4403-BF84-AD7F965FA520}.Debug|Any CPU.ActiveCfg = Debug|Any CPU
		{2099EB97-32CB-4403-BF84-AD7F965FA520}.Debug|Any CPU.Build.0 = Debug|Any CPU
		{2099EB97-32CB-4403-BF84-AD7F965FA520}.Release|Any CPU.ActiveCfg = Release|Any CPU
		{2099EB97-32CB-4403-BF84-AD7F965FA520}.Release|Any CPU.Build.0 = Release|Any CPU
		{D3E4F5G6-H7I8-9012-JKLM-NO3456789012}.Debug|Any CPU.ActiveCfg = Debug|Any CPU
		{D3E4F5G6-H7I8-9012-JKLM-NO3456789012}.Debug|Any CPU.Build.0 = Debug|Any CPU
		{D3E4F5G6-H7I8-9012-JKLM-NO3456789012}.Release|Any CPU.ActiveCfg = Release|Any CPU
		{D3E4F5G6-H7I8-9012-JKLM-NO3456789012}.Release|Any CPU.Build.0 = Release|Any CPU
		{E4F5G6H7-I8J9-0123-KLMN-OP4567890123}.Debug|Any CPU.ActiveCfg = Debug|Any CPU
		{E4F5G6H7-I8J9-0123-KLMN-OP4567890123}.Debug|Any CPU.Build.0 = Debug|Any CPU
		{E4F5G6H7-I8J9-0123-KLMN-OP4567890123}.Release|Any CPU.ActiveCfg = Release|Any CPU
		{E4F5G6H7-I8J9-0123-KLMN-OP4567890123}.Release|Any CPU.Build.0 = Release|Any CPU
		{F5G6H7I8-J9K0-1234-LMNO-PQ5678901234}.Debug|Any CPU.ActiveCfg = Debug|Any CPU
		{F5G6H7I8-J9K0-1234-LMNO-PQ5678901234}.Release|Any CPU.ActiveCfg = Release|Any CPU
		{G6H7I8J9-K0L1-2345-NOPQ-RS6789012345}.Debug|Any CPU.ActiveCfg = Debug|Any CPU
		{G6H7I8J9-K0L1-2345-NOPQ-RS6789012345}.Debug|Any CPU.Build.0 = Debug|Any CPU
		{G6H7I8J9-K0L1-2345-NOPQ-RS6789012345}.Release|Any CPU.ActiveCfg = Release|Any CPU
		{G6H7I8J9-K0L1-2345-NOPQ-RS6789012345}.Release|Any CPU.Build.0 = Release|Any CPU
	EndGlobalSection
	GlobalSection(NestedProjects) = preSolution
		{A1B2C3D4-E5F6-7890-ABCD-EF1234567890} = {D0E78B5A-0D39-4CE8-A836-5FC8C7D60478}
		{08F6A698-C457-4D0E-8618-28836ABF02FD} = {A1B2C3D4-E5F6-7890-ABCD-EF1234567890}
		{B1C2D3E4-F5G6-7890-HIJK-LM1234567890} = {D0E78B5A-0D39-4CE8-A836-5FC8C7D60478}
		{C2D3E4F5-G6H7-8901-IJKL-MN2345678901} = {D0E78B5A-0D39-4CE8-A836-5FC8C7D60478}
		{E4F5G6H7-I8J9-0123-KLMN-OP4567890123} = {F6G7H8I9-J0K1-2345-MNOP-QR6789012345}
		{F5G6H7I8-J9K0-1234-LMNO-PQ5678901234} = {F6G7H8I9-J0K1-2345-MNOP-QR6789012345}
		{G6H7I8J9-K0L1-2345-NOPQ-RS6789012345} = {F6G7H8I9-J0K1-2345-MNOP-QR6789012345}
		{2099EB97-32CB-4403-BF84-AD7F965FA520} = {A1B2C3D4-E5F6-7890-ABCD-EF1234567890}
	EndGlobalSection
EndGlobal
